
Microsoft Visual Studio Solution File, Format Version 12.00
# Visual Studio Version 16
VisualStudioVersion = 16.0.31229.75
MinimumVisualStudioVersion = 10.0.40219.1
Project("{FAE04EC0-301F-11D3-BF4B-00C04F79EFBC}") = "app-web-backend", "app-web-backend\app-web-backend.csproj", "{E2E76E3B-F9DA-4135-B193-5FFC6B33C657}"
EndProject
Global
	GlobalSection(SolutionConfigurationPlatforms) = preSolution
		Debug|Any CPU = Debug|Any CPU
		Release|Any CPU = Release|Any CPU
	EndGlobalSection
	GlobalSection(ProjectConfigurationPlatforms) = postSolution
		{E2E76E3B-F9DA-4135-B193-5FFC6B33C657}.Debug|Any CPU.ActiveCfg = Debug|Any CPU
		{E2E76E3B-F9DA-4135-B193-5FFC6B33C657}.Debug|Any CPU.Build.0 = Debug|Any CPU
		{E2E76E3B-F9DA-4135-B193-5FFC6B33C657}.Release|Any CPU.ActiveCfg = Release|Any CPU
		{E2E76E3B-F9DA-4135-B193-5FFC6B33C657}.Release|Any CPU.Build.0 = Release|Any CPU
	EndGlobalSection
	GlobalSection(SolutionProperties) = preSolution
		HideSolutionNode = FALSE
	EndGlobalSection
	GlobalSection(ExtensibilityGlobals) = postSolution
		SolutionGuid = {4F022036-A3B3-4DDE-889A-9CD804489785}
	EndGlobalSection
EndGlobal
